
Microsoft Visual Studio Solution File, Format Version 12.00
# Visual Studio Version 17
VisualStudioVersion = 17.0.31903.59
MinimumVisualStudioVersion = 10.0.40219.1
Project("{F2A71F9B-5D33-465A-A702-920D77279786}") = "LibraBff", "LibraBff\LibraBff.fsproj", "{B9A9DDAB-C63C-4E3B-AE51-60BB11BA8636}"
EndProject
Project("{F2A71F9B-5D33-465A-A702-920D77279786}") = "LibraBff.Test", "LibraBff.Test\LibraBff.Test.fsproj", "{2B64FF3D-E297-4EFB-9DEB-637C34D9AE76}"
EndProject
Global
	GlobalSection(SolutionConfigurationPlatforms) = preSolution
		Debug|Any CPU = Debug|Any CPU
		Release|Any CPU = Release|Any CPU
	EndGlobalSection
	GlobalSection(SolutionProperties) = preSolution
		HideSolutionNode = FALSE
	EndGlobalSection
	GlobalSection(ProjectConfigurationPlatforms) = postSolution
		{B9A9DDAB-C63C-4E3B-AE51-60BB11BA8636}.Debug|Any CPU.ActiveCfg = Debug|Any CPU
		{B9A9DDAB-C63C-4E3B-AE51-60BB11BA8636}.Debug|Any CPU.Build.0 = Debug|Any CPU
		{B9A9DDAB-C63C-4E3B-AE51-60BB11BA8636}.Release|Any CPU.ActiveCfg = Release|Any CPU
		{B9A9DDAB-C63C-4E3B-AE51-60BB11BA8636}.Release|Any CPU.Build.0 = Release|Any CPU
		{2B64FF3D-E297-4EFB-9DEB-637C34D9AE76}.Debug|Any CPU.ActiveCfg = Debug|Any CPU
		{2B64FF3D-E297-4EFB-9DEB-637C34D9AE76}.Debug|Any CPU.Build.0 = Debug|Any CPU
		{2B64FF3D-E297-4EFB-9DEB-637C34D9AE76}.Release|Any CPU.ActiveCfg = Release|Any CPU
		{2B64FF3D-E297-4EFB-9DEB-637C34D9AE76}.Release|Any CPU.Build.0 = Release|Any CPU
	EndGlobalSection
EndGlobal
